// !$*UTF8*$!
{
	archiveVersion = 1;
	classes = {
	};
	objectVersion = 56;
	objects = {

/* Begin PBXBuildFile section */
		475EC8FD2C946D9000DB2E61 /* AppDelegate.swift in Sources */ = {isa = PBXBuildFile; fileRef = 475EC8FC2C946D9000DB2E61 /* AppDelegate.swift */; };
		475EC8FF2C946D9000DB2E61 /* ContentView.swift in Sources */ = {isa = PBXBuildFile; fileRef = 475EC8FE2C946D9000DB2E61 /* ContentView.swift */; };
		475EC9012C946D9300DB2E61 /* Assets.xcassets in Resources */ = {isa = PBXBuildFile; fileRef = 475EC9002C946D9300DB2E61 /* Assets.xcassets */; };
		475EC9042C946D9300DB2E61 /* Preview Assets.xcassets in Resources */ = {isa = PBXBuildFile; fileRef = 475EC9032C946D9300DB2E61 /* Preview Assets.xcassets */; };
		475EC90E2C946D9300DB2E61 /* FirstARAppTests.swift in Sources */ = {isa = PBXBuildFile; fileRef = 475EC90D2C946D9300DB2E61 /* FirstARAppTests.swift */; };
		475EC9182C946D9300DB2E61 /* FirstARAppUITests.swift in Sources */ = {isa = PBXBuildFile; fileRef = 475EC9172C946D9300DB2E61 /* FirstARAppUITests.swift */; };
		475EC91A2C946D9300DB2E61 /* FirstARAppUITestsLaunchTests.swift in Sources */ = {isa = PBXBuildFile; fileRef = 475EC9192C946D9300DB2E61 /* FirstARAppUITestsLaunchTests.swift */; };
/* End PBXBuildFile section */

/* Begin PBXContainerItemProxy section */
		475EC90A2C946D9300DB2E61 /* PBXContainerItemProxy */ = {
			isa = PBXContainerItemProxy;
			containerPortal = 475EC8F12C946D9000DB2E61 /* Project object */;
			proxyType = 1;
			remoteGlobalIDString = 475EC8F82C946D9000DB2E61;
			remoteInfo = FirstARApp;
		};
		475EC9142C946D9300DB2E61 /* PBXContainerItemProxy */ = {
			isa = PBXContainerItemProxy;
			containerPortal = 475EC8F12C946D9000DB2E61 /* Project object */;
			proxyType = 1;
			remoteGlobalIDString = 475EC8F82C946D9000DB2E61;
			remoteInfo = FirstARApp;
		};
/* End PBXContainerItemProxy section */

/* Begin PBXFileReference section */
		475EC8F92C946D9000DB2E61 /* FirstARApp.app */ = {isa = PBXFileReference; explicitFileType = wrapper.application; includeInIndex = 0; path = FirstARApp.app; sourceTree = BUILT_PRODUCTS_DIR; };
		475EC8FC2C946D9000DB2E61 /* AppDelegate.swift */ = {isa = PBXFileReference; lastKnownFileType = sourcecode.swift; path = AppDelegate.swift; sourceTree = "<group>"; };
		475EC8FE2C946D9000DB2E61 /* ContentView.swift */ = {isa = PBXFileReference; lastKnownFileType = sourcecode.swift; path = ContentView.swift; sourceTree = "<group>"; };
		475EC9002C946D9300DB2E61 /* Assets.xcassets */ = {isa = PBXFileReference; lastKnownFileType = folder.assetcatalog; path = Assets.xcassets; sourceTree = "<group>"; };
		475EC9032C946D9300DB2E61 /* Preview Assets.xcassets */ = {isa = PBXFileReference; lastKnownFileType = folder.assetcatalog; path = "Preview Assets.xcassets"; sourceTree = "<group>"; };
		475EC9092C946D9300DB2E61 /* FirstARAppTests.xctest */ = {isa = PBXFileReference; explicitFileType = wrapper.cfbundle; includeInIndex = 0; path = FirstARAppTests.xctest; sourceTree = BUILT_PRODUCTS_DIR; };
		475EC90D2C946D9300DB2E61 /* FirstARAppTests.swift */ = {isa = PBXFileReference; lastKnownFileType = sourcecode.swift; path = FirstARAppTests.swift; sourceTree = "<group>"; };
		475EC9132C946D9300DB2E61 /* FirstARAppUITests.xctest */ = {isa = PBXFileReference; explicitFileType = wrapper.cfbundle; includeInIndex = 0; path = FirstARAppUITests.xctest; sourceTree = BUILT_PRODUCTS_DIR; };
		475EC9172C946D9300DB2E61 /* FirstARAppUITests.swift */ = {isa = PBXFileReference; lastKnownFileType = sourcecode.swift; path = FirstARAppUITests.swift; sourceTree = "<group>"; };
		475EC9192C946D9300DB2E61 /* FirstARAppUITestsLaunchTests.swift */ = {isa = PBXFileReference; lastKnownFileType = sourcecode.swift; path = FirstARAppUITestsLaunchTests.swift; sourceTree = "<group>"; };
/* End PBXFileReference section */

/* Begin PBXFrameworksBuildPhase section */
		475EC8F62C946D9000DB2E61 /* Frameworks */ = {
			isa = PBXFrameworksBuildPhase;
			buildActionMask = 2147483647;
			files = (
			);
			runOnlyForDeploymentPostprocessing = 0;
		};
		475EC9062C946D9300DB2E61 /* Frameworks */ = {
			isa = PBXFrameworksBuildPhase;
			buildActionMask = 2147483647;
			files = (
			);
			runOnlyForDeploymentPostprocessing = 0;
		};
		475EC9102C946D9300DB2E61 /* Frameworks */ = {
			isa = PBXFrameworksBuildPhase;
			buildActionMask = 2147483647;
			files = (
			);
			runOnlyForDeploymentPostprocessing = 0;
		};
/* End PBXFrameworksBuildPhase section */

/* Begin PBXGroup section */
		475EC8F02C946D9000DB2E61 = {
			isa = PBXGroup;
			children = (
				475EC8FB2C946D9000DB2E61 /* FirstARApp */,
				475EC90C2C946D9300DB2E61 /* FirstARAppTests */,
				475EC9162C946D9300DB2E61 /* FirstARAppUITests */,
				475EC8FA2C946D9000DB2E61 /* Products */,
			);
			sourceTree = "<group>";
		};
		475EC8FA2C946D9000DB2E61 /* Products */ = {
			isa = PBXGroup;
			children = (
				475EC8F92C946D9000DB2E61 /* FirstARApp.app */,
				475EC9092C946D9300DB2E61 /* FirstARAppTests.xctest */,
				475EC9132C946D9300DB2E61 /* FirstARAppUITests.xctest */,
			);
			name = Products;
			sourceTree = "<group>";
		};
		475EC8FB2C946D9000DB2E61 /* FirstARApp */ = {
			isa = PBXGroup;
			children = (
				475EC8FC2C946D9000DB2E61 /* AppDelegate.swift */,
				475EC8FE2C946D9000DB2E61 /* ContentView.swift */,
				475EC9002C946D9300DB2E61 /* Assets.xcassets */,
				475EC9022C946D9300DB2E61 /* Preview Content */,
			);
			path = FirstARApp;
			sourceTree = "<group>";
		};
		475EC9022C946D9300DB2E61 /* Preview Content */ = {
			isa = PBXGroup;
			children = (
				475EC9032C946D9300DB2E61 /* Preview Assets.xcassets */,
			);
			path = "Preview Content";
			sourceTree = "<group>";
		};
		475EC90C2C946D9300DB2E61 /* FirstARAppTests */ = {
			isa = PBXGroup;
			children = (
				475EC90D2C946D9300DB2E61 /* FirstARAppTests.swift */,
			);
			path = FirstARAppTests;
			sourceTree = "<group>";
		};
		475EC9162C946D9300DB2E61 /* FirstARAppUITests */ = {
			isa = PBXGroup;
			children = (
				475EC9172C946D9300DB2E61 /* FirstARAppUITests.swift */,
				475EC9192C946D9300DB2E61 /* FirstARAppUITestsLaunchTests.swift */,
			);
			path = FirstARAppUITests;
			sourceTree = "<group>";
		};
/* End PBXGroup section */

/* Begin PBXNativeTarget section */
		475EC8F82C946D9000DB2E61 /* FirstARApp */ = {
			isa = PBXNativeTarget;
			buildConfigurationList = 475EC91D2C946D9300DB2E61 /* Build configuration list for PBXNativeTarget "FirstARApp" */;
			buildPhases = (
				475EC8F52C946D9000DB2E61 /* Sources */,
				475EC8F62C946D9000DB2E61 /* Frameworks */,
				475EC8F72C946D9000DB2E61 /* Resources */,
			);
			buildRules = (
			);
			dependencies = (
			);
			name = FirstARApp;
			productName = FirstARApp;
			productReference = 475EC8F92C946D9000DB2E61 /* FirstARApp.app */;
			productType = "com.apple.product-type.application";
		};
		475EC9082C946D9300DB2E61 /* FirstARAppTests */ = {
			isa = PBXNativeTarget;
			buildConfigurationList = 475EC9202C946D9300DB2E61 /* Build configuration list for PBXNativeTarget "FirstARAppTests" */;
			buildPhases = (
				475EC9052C946D9300DB2E61 /* Sources */,
				475EC9062C946D9300DB2E61 /* Frameworks */,
				475EC9072C946D9300DB2E61 /* Resources */,
			);
			buildRules = (
			);
			dependencies = (
				475EC90B2C946D9300DB2E61 /* PBXTargetDependency */,
			);
			name = FirstARAppTests;
			productName = FirstARAppTests;
			productReference = 475EC9092C946D9300DB2E61 /* FirstARAppTests.xctest */;
			productType = "com.apple.product-type.bundle.unit-test";
		};
		475EC9122C946D9300DB2E61 /* FirstARAppUITests */ = {
			isa = PBXNativeTarget;
			buildConfigurationList = 475EC9232C946D9300DB2E61 /* Build configuration list for PBXNativeTarget "FirstARAppUITests" */;
			buildPhases = (
				475EC90F2C946D9300DB2E61 /* Sources */,
				475EC9102C946D9300DB2E61 /* Frameworks */,
				475EC9112C946D9300DB2E61 /* Resources */,
			);
			buildRules = (
			);
			dependencies = (
				475EC9152C946D9300DB2E61 /* PBXTargetDependency */,
			);
			name = FirstARAppUITests;
			productName = FirstARAppUITests;
			productReference = 475EC9132C946D9300DB2E61 /* FirstARAppUITests.xctest */;
			productType = "com.apple.product-type.bundle.ui-testing";
		};
/* End PBXNativeTarget section */

/* Begin PBXProject section */
		475EC8F12C946D9000DB2E61 /* Project object */ = {
			isa = PBXProject;
			attributes = {
				BuildIndependentTargetsInParallel = 1;
				LastSwiftUpdateCheck = 1540;
				LastUpgradeCheck = 1540;
				TargetAttributes = {
					475EC8F82C946D9000DB2E61 = {
						CreatedOnToolsVersion = 15.4;
					};
					475EC9082C946D9300DB2E61 = {
						CreatedOnToolsVersion = 15.4;
						TestTargetID = 475EC8F82C946D9000DB2E61;
					};
					475EC9122C946D9300DB2E61 = {
						CreatedOnToolsVersion = 15.4;
						TestTargetID = 475EC8F82C946D9000DB2E61;
					};
				};
			};
			buildConfigurationList = 475EC8F42C946D9000DB2E61 /* Build configuration list for PBXProject "FirstARApp" */;
			compatibilityVersion = "Xcode 14.0";
			developmentRegion = en;
			hasScannedForEncodings = 0;
			knownRegions = (
				en,
				Base,
			);
			mainGroup = 475EC8F02C946D9000DB2E61;
			productRefGroup = 475EC8FA2C946D9000DB2E61 /* Products */;
			projectDirPath = "";
			projectRoot = "";
			targets = (
				475EC8F82C946D9000DB2E61 /* FirstARApp */,
				475EC9082C946D9300DB2E61 /* FirstARAppTests */,
				475EC9122C946D9300DB2E61 /* FirstARAppUITests */,
			);
		};
/* End PBXProject section */

/* Begin PBXResourcesBuildPhase section */
		475EC8F72C946D9000DB2E61 /* Resources */ = {
			isa = PBXResourcesBuildPhase;
			buildActionMask = 2147483647;
			files = (
				475EC9042C946D9300DB2E61 /* Preview Assets.xcassets in Resources */,
				475EC9012C946D9300DB2E61 /* Assets.xcassets in Resources */,
			);
			runOnlyForDeploymentPostprocessing = 0;
		};
		475EC9072C946D9300DB2E61 /* Resources */ = {
			isa = PBXResourcesBuildPhase;
			buildActionMask = 2147483647;
			files = (
			);
			runOnlyForDeploymentPostprocessing = 0;
		};
		475EC9112C946D9300DB2E61 /* Resources */ = {
			isa = PBXResourcesBuildPhase;
			buildActionMask = 2147483647;
			files = (
			);
			runOnlyForDeploymentPostprocessing = 0;
		};
/* End PBXResourcesBuildPhase section */

/* Begin PBXSourcesBuildPhase section */
		475EC8F52C946D9000DB2E61 /* Sources */ = {
			isa = PBXSourcesBuildPhase;
			buildActionMask = 2147483647;
			files = (
				475EC8FF2C946D9000DB2E61 /* ContentView.swift in Sources */,
				475EC8FD2C946D9000DB2E61 /* AppDelegate.swift in Sources */,
			);
			runOnlyForDeploymentPostprocessing = 0;
		};
		475EC9052C946D9300DB2E61 /* Sources */ = {
			isa = PBXSourcesBuildPhase;
			buildActionMask = 2147483647;
			files = (
				475EC90E2C946D9300DB2E61 /* FirstARAppTests.swift in Sources */,
			);
			runOnlyForDeploymentPostprocessing = 0;
		};
		475EC90F2C946D9300DB2E61 /* Sources */ = {
			isa = PBXSourcesBuildPhase;
			buildActionMask = 2147483647;
			files = (
				475EC91A2C946D9300DB2E61 /* FirstARAppUITestsLaunchTests.swift in Sources */,
				475EC9182C946D9300DB2E61 /* FirstARAppUITests.swift in Sources */,
			);
			runOnlyForDeploymentPostprocessing = 0;
		};
/* End PBXSourcesBuildPhase section */

/* Begin PBXTargetDependency section */
		475EC90B2C946D9300DB2E61 /* PBXTargetDependency */ = {
			isa = PBXTargetDependency;
			target = 475EC8F82C946D9000DB2E61 /* FirstARApp */;
			targetProxy = 475EC90A2C946D9300DB2E61 /* PBXContainerItemProxy */;
		};
		475EC9152C946D9300DB2E61 /* PBXTargetDependency */ = {
			isa = PBXTargetDependency;
			target = 475EC8F82C946D9000DB2E61 /* FirstARApp */;
			targetProxy = 475EC9142C946D9300DB2E61 /* PBXContainerItemProxy */;
		};
/* End PBXTargetDependency section */

/* Begin XCBuildConfiguration section */
		475EC91B2C946D9300DB2E61 /* Debug */ = {
			isa = XCBuildConfiguration;
			buildSettings = {
				ALWAYS_SEARCH_USER_PATHS = NO;
				ASSETCATALOG_COMPILER_GENERATE_SWIFT_ASSET_SYMBOL_EXTENSIONS = YES;
				CLANG_ANALYZER_NONNULL = YES;
				CLANG_ANALYZER_NUMBER_OBJECT_CONVERSION = YES_AGGRESSIVE;
				CLANG_CXX_LANGUAGE_STANDARD = "gnu++20";
				CLANG_ENABLE_MODULES = YES;
				CLANG_ENABLE_OBJC_ARC = YES;
				CLANG_ENABLE_OBJC_WEAK = YES;
				CLANG_WARN_BLOCK_CAPTURE_AUTORELEASING = YES;
				CLANG_WARN_BOOL_CONVERSION = YES;
				CLANG_WARN_COMMA = YES;
				CLANG_WARN_CONSTANT_CONVERSION = YES;
				CLANG_WARN_DEPRECATED_OBJC_IMPLEMENTATIONS = YES;
				CLANG_WARN_DIRECT_OBJC_ISA_USAGE = YES_ERROR;
				CLANG_WARN_DOCUMENTATION_COMMENTS = YES;
				CLANG_WARN_EMPTY_BODY = YES;
				CLANG_WARN_ENUM_CONVERSION = YES;
				CLANG_WARN_INFINITE_RECURSION = YES;
				CLANG_WARN_INT_CONVERSION = YES;
				CLANG_WARN_NON_LITERAL_NULL_CONVERSION = YES;
				CLANG_WARN_OBJC_IMPLICIT_RETAIN_SELF = YES;
				CLANG_WARN_OBJC_LITERAL_CONVERSION = YES;
				CLANG_WARN_OBJC_ROOT_CLASS = YES_ERROR;
				CLANG_WARN_QUOTED_INCLUDE_IN_FRAMEWORK_HEADER = YES;
				CLANG_WARN_RANGE_LOOP_ANALYSIS = YES;
				CLANG_WARN_STRICT_PROTOTYPES = YES;
				CLANG_WARN_SUSPICIOUS_MOVE = YES;
				CLANG_WARN_UNGUARDED_AVAILABILITY = YES_AGGRESSIVE;
				CLANG_WARN_UNREACHABLE_CODE = YES;
				CLANG_WARN__DUPLICATE_METHOD_MATCH = YES;
				COPY_PHASE_STRIP = NO;
				DEBUG_INFORMATION_FORMAT = dwarf;
				ENABLE_STRICT_OBJC_MSGSEND = YES;
				ENABLE_TESTABILITY = YES;
				ENABLE_USER_SCRIPT_SANDBOXING = YES;
				GCC_C_LANGUAGE_STANDARD = gnu17;
				GCC_DYNAMIC_NO_PIC = NO;
				GCC_NO_COMMON_BLOCKS = YES;
				GCC_OPTIMIZATION_LEVEL = 0;
				GCC_PREPROCESSOR_DEFINITIONS = (
					"DEBUG=1",
					"$(inherited)",
				);
				GCC_WARN_64_TO_32_BIT_CONVERSION = YES;
				GCC_WARN_ABOUT_RETURN_TYPE = YES_ERROR;
				GCC_WARN_UNDECLARED_SELECTOR = YES;
				GCC_WARN_UNINITIALIZED_AUTOS = YES_AGGRESSIVE;
				GCC_WARN_UNUSED_FUNCTION = YES;
				GCC_WARN_UNUSED_VARIABLE = YES;
				IPHONEOS_DEPLOYMENT_TARGET = 17.5;
				LOCALIZATION_PREFERS_STRING_CATALOGS = YES;
				MTL_ENABLE_DEBUG_INFO = INCLUDE_SOURCE;
				MTL_FAST_MATH = YES;
				ONLY_ACTIVE_ARCH = YES;
				SDKROOT = iphoneos;
				SWIFT_ACTIVE_COMPILATION_CONDITIONS = "DEBUG $(inherited)";
				SWIFT_OPTIMIZATION_LEVEL = "-Onone";
			};
			name = Debug;
		};
		475EC91C2C946D9300DB2E61 /* Release */ = {
			isa = XCBuildConfiguration;
			buildSettings = {
				ALWAYS_SEARCH_USER_PATHS = NO;
				ASSETCATALOG_COMPILER_GENERATE_SWIFT_ASSET_SYMBOL_EXTENSIONS = YES;
				CLANG_ANALYZER_NONNULL = YES;
				CLANG_ANALYZER_NUMBER_OBJECT_CONVERSION = YES_AGGRESSIVE;
				CLANG_CXX_LANGUAGE_STANDARD = "gnu++20";
				CLANG_ENABLE_MODULES = YES;
				CLANG_ENABLE_OBJC_ARC = YES;
				CLANG_ENABLE_OBJC_WEAK = YES;
				CLANG_WARN_BLOCK_CAPTURE_AUTORELEASING = YES;
				CLANG_WARN_BOOL_CONVERSION = YES;
				CLANG_WARN_COMMA = YES;
				CLANG_WARN_CONSTANT_CONVERSION = YES;
				CLANG_WARN_DEPRECATED_OBJC_IMPLEMENTATIONS = YES;
				CLANG_WARN_DIRECT_OBJC_ISA_USAGE = YES_ERROR;
				CLANG_WARN_DOCUMENTATION_COMMENTS = YES;
				CLANG_WARN_EMPTY_BODY = YES;
				CLANG_WARN_ENUM_CONVERSION = YES;
				CLANG_WARN_INFINITE_RECURSION = YES;
				CLANG_WARN_INT_CONVERSION = YES;
				CLANG_WARN_NON_LITERAL_NULL_CONVERSION = YES;
				CLANG_WARN_OBJC_IMPLICIT_RETAIN_SELF = YES;
				CLANG_WARN_OBJC_LITERAL_CONVERSION = YES;
				CLANG_WARN_OBJC_ROOT_CLASS = YES_ERROR;
				CLANG_WARN_QUOTED_INCLUDE_IN_FRAMEWORK_HEADER = YES;
				CLANG_WARN_RANGE_LOOP_ANALYSIS = YES;
				CLANG_WARN_STRICT_PROTOTYPES = YES;
				CLANG_WARN_SUSPICIOUS_MOVE = YES;
				CLANG_WARN_UNGUARDED_AVAILABILITY = YES_AGGRESSIVE;
				CLANG_WARN_UNREACHABLE_CODE = YES;
				CLANG_WARN__DUPLICATE_METHOD_MATCH = YES;
				COPY_PHASE_STRIP = NO;
				DEBUG_INFORMATION_FORMAT = "dwarf-with-dsym";
				ENABLE_NS_ASSERTIONS = NO;
				ENABLE_STRICT_OBJC_MSGSEND = YES;
				ENABLE_USER_SCRIPT_SANDBOXING = YES;
				GCC_C_LANGUAGE_STANDARD = gnu17;
				GCC_NO_COMMON_BLOCKS = YES;
				GCC_WARN_64_TO_32_BIT_CONVERSION = YES;
				GCC_WARN_ABOUT_RETURN_TYPE = YES_ERROR;
				GCC_WARN_UNDECLARED_SELECTOR = YES;
				GCC_WARN_UNINITIALIZED_AUTOS = YES_AGGRESSIVE;
				GCC_WARN_UNUSED_FUNCTION = YES;
				GCC_WARN_UNUSED_VARIABLE = YES;
				IPHONEOS_DEPLOYMENT_TARGET = 17.5;
				LOCALIZATION_PREFERS_STRING_CATALOGS = YES;
				MTL_ENABLE_DEBUG_INFO = NO;
				MTL_FAST_MATH = YES;
				SDKROOT = iphoneos;
				SWIFT_COMPILATION_MODE = wholemodule;
				VALIDATE_PRODUCT = YES;
			};
			name = Release;
		};
		475EC91E2C946D9300DB2E61 /* Debug */ = {
			isa = XCBuildConfiguration;
			buildSettings = {
				ASSETCATALOG_COMPILER_APPICON_NAME = AppIcon;
				ASSETCATALOG_COMPILER_GLOBAL_ACCENT_COLOR_NAME = AccentColor;
				CODE_SIGN_STYLE = Automatic;
				CURRENT_PROJECT_VERSION = 1;
				DEVELOPMENT_ASSET_PATHS = "\"FirstARApp/Preview Content\"";
				ENABLE_PREVIEWS = YES;
				GENERATE_INFOPLIST_FILE = YES;
				INFOPLIST_KEY_NSCameraUsageDescription = "";
				INFOPLIST_KEY_UIApplicationSupportsIndirectInputEvents = YES;
				INFOPLIST_KEY_UILaunchScreen_Generation = YES;
				INFOPLIST_KEY_UIRequiredDeviceCapabilities = arkit;
				INFOPLIST_KEY_UIStatusBarHidden = YES;
				INFOPLIST_KEY_UISupportedInterfaceOrientations_iPad = "UIInterfaceOrientationPortrait UIInterfaceOrientationPortraitUpsideDown UIInterfaceOrientationLandscapeLeft UIInterfaceOrientationLandscapeRight";
				INFOPLIST_KEY_UISupportedInterfaceOrientations_iPhone = "UIInterfaceOrientationPortrait UIInterfaceOrientationLandscapeLeft UIInterfaceOrientationLandscapeRight";
				LD_RUNPATH_SEARCH_PATHS = (
					"$(inherited)",
					"@executable_path/Frameworks",
				);
				MARKETING_VERSION = 1.0;
				PRODUCT_BUNDLE_IDENTIFIER = "___VARIABLE_bundleIdentifierPrefix:bundleIdentifier___.___PACKAGENAMEASRFC1034IDENTIFIER___";
				PRODUCT_NAME = "$(TARGET_NAME)";
				SWIFT_EMIT_LOC_STRINGS = YES;
				SWIFT_VERSION = 5.0;
				TARGETED_DEVICE_FAMILY = "1,2";
			};
			name = Debug;
		};
		475EC91F2C946D9300DB2E61 /* Release */ = {
			isa = XCBuildConfiguration;
			buildSettings = {
				ASSETCATALOG_COMPILER_APPICON_NAME = AppIcon;
				ASSETCATALOG_COMPILER_GLOBAL_ACCENT_COLOR_NAME = AccentColor;
				CODE_SIGN_STYLE = Automatic;
				CURRENT_PROJECT_VERSION = 1;
				DEVELOPMENT_ASSET_PATHS = "\"FirstARApp/Preview Content\"";
				ENABLE_PREVIEWS = YES;
				GENERATE_INFOPLIST_FILE = YES;
				INFOPLIST_KEY_NSCameraUsageDescription = "";
				INFOPLIST_KEY_UIApplicationSupportsIndirectInputEvents = YES;
				INFOPLIST_KEY_UILaunchScreen_Generation = YES;
				INFOPLIST_KEY_UIRequiredDeviceCapabilities = arkit;
				INFOPLIST_KEY_UIStatusBarHidden = YES;
				INFOPLIST_KEY_UISupportedInterfaceOrientations_iPad = "UIInterfaceOrientationPortrait UIInterfaceOrientationPortraitUpsideDown UIInterfaceOrientationLandscapeLeft UIInterfaceOrientationLandscapeRight";
				INFOPLIST_KEY_UISupportedInterfaceOrientations_iPhone = "UIInterfaceOrientationPortrait UIInterfaceOrientationLandscapeLeft UIInterfaceOrientationLandscapeRight";
				LD_RUNPATH_SEARCH_PATHS = (
					"$(inherited)",
					"@executable_path/Frameworks",
				);
				MARKETING_VERSION = 1.0;
				PRODUCT_BUNDLE_IDENTIFIER = "___VARIABLE_bundleIdentifierPrefix:bundleIdentifier___.___PACKAGENAMEASRFC1034IDENTIFIER___";
				PRODUCT_NAME = "$(TARGET_NAME)";
				SWIFT_EMIT_LOC_STRINGS = YES;
				SWIFT_VERSION = 5.0;
				TARGETED_DEVICE_FAMILY = "1,2";
			};
			name = Release;
		};
		475EC9212C946D9300DB2E61 /* Debug */ = {
			isa = XCBuildConfiguration;
			buildSettings = {
				ALWAYS_EMBED_SWIFT_STANDARD_LIBRARIES = YES;
				BUNDLE_LOADER = "$(TEST_HOST)";
				CODE_SIGN_STYLE = Automatic;
				CURRENT_PROJECT_VERSION = 1;
				GENERATE_INFOPLIST_FILE = YES;
				IPHONEOS_DEPLOYMENT_TARGET = 17.5;
				MARKETING_VERSION = 1.0;
				PRODUCT_BUNDLE_IDENTIFIER = "___VARIABLE_bundleIdentifierPrefix:bundleIdentifier___.___PACKAGENAMEASRFC1034IDENTIFIER___";
				PRODUCT_NAME = "$(TARGET_NAME)";
				SWIFT_EMIT_LOC_STRINGS = NO;
				SWIFT_VERSION = 5.0;
				TARGETED_DEVICE_FAMILY = "1,2";
				TEST_HOST = "$(BUILT_PRODUCTS_DIR)/FirstARApp.app/$(BUNDLE_EXECUTABLE_FOLDER_PATH)/FirstARApp";
			};
			name = Debug;
		};
		475EC9222C946D9300DB2E61 /* Release */ = {
			isa = XCBuildConfiguration;
			buildSettings = {
				ALWAYS_EMBED_SWIFT_STANDARD_LIBRARIES = YES;
				BUNDLE_LOADER = "$(TEST_HOST)";
				CODE_SIGN_STYLE = Automatic;
				CURRENT_PROJECT_VERSION = 1;
				GENERATE_INFOPLIST_FILE = YES;
				IPHONEOS_DEPLOYMENT_TARGET = 17.5;
				MARKETING_VERSION = 1.0;
				PRODUCT_BUNDLE_IDENTIFIER = "___VARIABLE_bundleIdentifierPrefix:bundleIdentifier___.___PACKAGENAMEASRFC1034IDENTIFIER___";
				PRODUCT_NAME = "$(TARGET_NAME)";
				SWIFT_EMIT_LOC_STRINGS = NO;
				SWIFT_VERSION = 5.0;
				TARGETED_DEVICE_FAMILY = "1,2";
				TEST_HOST = "$(BUILT_PRODUCTS_DIR)/FirstARApp.app/$(BUNDLE_EXECUTABLE_FOLDER_PATH)/FirstARApp";
			};
			name = Release;
		};
		475EC9242C946D9300DB2E61 /* Debug */ = {
			isa = XCBuildConfiguration;
			buildSettings = {
				ALWAYS_EMBED_SWIFT_STANDARD_LIBRARIES = YES;
				CODE_SIGN_STYLE = Automatic;
				CURRENT_PROJECT_VERSION = 1;
				GENERATE_INFOPLIST_FILE = YES;
				MARKETING_VERSION = 1.0;
				PRODUCT_BUNDLE_IDENTIFIER = "___VARIABLE_bundleIdentifierPrefix:bundleIdentifier___.___PACKAGENAMEASRFC1034IDENTIFIER___";
				PRODUCT_NAME = "$(TARGET_NAME)";
				SWIFT_EMIT_LOC_STRINGS = NO;
				SWIFT_VERSION = 5.0;
				TARGETED_DEVICE_FAMILY = "1,2";
				TEST_TARGET_NAME = FirstARApp;
			};
			name = Debug;
		};
		475EC9252C946D9300DB2E61 /* Release */ = {
			isa = XCBuildConfiguration;
			buildSettings = {
				ALWAYS_EMBED_SWIFT_STANDARD_LIBRARIES = YES;
				CODE_SIGN_STYLE = Automatic;
				CURRENT_PROJECT_VERSION = 1;
				GENERATE_INFOPLIST_FILE = YES;
				MARKETING_VERSION = 1.0;
				PRODUCT_BUNDLE_IDENTIFIER = "___VARIABLE_bundleIdentifierPrefix:bundleIdentifier___.___PACKAGENAMEASRFC1034IDENTIFIER___";
				PRODUCT_NAME = "$(TARGET_NAME)";
				SWIFT_EMIT_LOC_STRINGS = NO;
				SWIFT_VERSION = 5.0;
				TARGETED_DEVICE_FAMILY = "1,2";
				TEST_TARGET_NAME = FirstARApp;
			};
			name = Release;
		};
/* End XCBuildConfiguration section */

/* Begin XCConfigurationList section */
		475EC8F42C946D9000DB2E61 /* Build configuration list for PBXProject "FirstARApp" */ = {
			isa = XCConfigurationList;
			buildConfigurations = (
				475EC91B2C946D9300DB2E61 /* Debug */,
				475EC91C2C946D9300DB2E61 /* Release */,
			);
			defaultConfigurationIsVisible = 0;
			defaultConfigurationName = Release;
		};
		475EC91D2C946D9300DB2E61 /* Build configuration list for PBXNativeTarget "FirstARApp" */ = {
			isa = XCConfigurationList;
			buildConfigurations = (
				475EC91E2C946D9300DB2E61 /* Debug */,
				475EC91F2C946D9300DB2E61 /* Release */,
			);
			defaultConfigurationIsVisible = 0;
			defaultConfigurationName = Release;
		};
		475EC9202C946D9300DB2E61 /* Build configuration list for PBXNativeTarget "FirstARAppTests" */ = {
			isa = XCConfigurationList;
			buildConfigurations = (
				475EC9212C946D9300DB2E61 /* Debug */,
				475EC9222C946D9300DB2E61 /* Release */,
			);
			defaultConfigurationIsVisible = 0;
			defaultConfigurationName = Release;
		};
		475EC9232C946D9300DB2E61 /* Build configuration list for PBXNativeTarget "FirstARAppUITests" */ = {
			isa = XCConfigurationList;
			buildConfigurations = (
				475EC9242C946D9300DB2E61 /* Debug */,
				475EC9252C946D9300DB2E61 /* Release */,
			);
			defaultConfigurationIsVisible = 0;
			defaultConfigurationName = Release;
		};
/* End XCConfigurationList section */
	};
	rootObject = 475EC8F12C946D9000DB2E61 /* Project object */;
}
